
Microsoft Visual Studio Solution File, Format Version 12.00
# Visual Studio Version 16
VisualStudioVersion = 16.0.29613.14
MinimumVisualStudioVersion = 10.0.40219.1
Project("{FAE04EC0-301F-11D3-BF4B-00C04F79EFBC}") = "JustChat", "JustChat.csproj", "{FBE08E64-0BB7-4C84-A5AF-D936C4EC82BE}"
EndProject
Project("{FAE04EC0-301F-11D3-BF4B-00C04F79EFBC}") = "JustChatClient", "..\JustChatClient\JustChatClient.csproj", "{44B2E2C5-7AAC-4B5A-9639-8F78B050CF12}"
EndProject
Global
	GlobalSection(SolutionConfigurationPlatforms) = preSolution
		Debug|Any CPU = Debug|Any CPU
		Release|Any CPU = Release|Any CPU
	EndGlobalSection
	GlobalSection(ProjectConfigurationPlatforms) = postSolution
		{FBE08E64-0BB7-4C84-A5AF-D936C4EC82BE}.Debug|Any CPU.ActiveCfg = Debug|Any CPU
		{FBE08E64-0BB7-4C84-A5AF-D936C4EC82BE}.Debug|Any CPU.Build.0 = Debug|Any CPU
		{FBE08E64-0BB7-4C84-A5AF-D936C4EC82BE}.Release|Any CPU.ActiveCfg = Release|Any CPU
		{FBE08E64-0BB7-4C84-A5AF-D936C4EC82BE}.Release|Any CPU.Build.0 = Release|Any CPU
		{44B2E2C5-7AAC-4B5A-9639-8F78B050CF12}.Debug|Any CPU.ActiveCfg = Debug|Any CPU
		{44B2E2C5-7AAC-4B5A-9639-8F78B050CF12}.Debug|Any CPU.Build.0 = Debug|Any CPU
		{44B2E2C5-7AAC-4B5A-9639-8F78B050CF12}.Release|Any CPU.ActiveCfg = Release|Any CPU
		{44B2E2C5-7AAC-4B5A-9639-8F78B050CF12}.Release|Any CPU.Build.0 = Release|Any CPU
	EndGlobalSection
	GlobalSection(SolutionProperties) = preSolution
		HideSolutionNode = FALSE
	EndGlobalSection
	GlobalSection(ExtensibilityGlobals) = postSolution
		SolutionGuid = {573C98C4-0811-4EC1-9EA8-A874E9F0D2A5}
	EndGlobalSection
EndGlobal
